
Microsoft Visual Studio Solution File, Format Version 12.00
# Visual Studio Version 17
VisualStudioVersion = 17.9.34701.34
MinimumVisualStudioVersion = 10.0.40219.1
Project("{9A19103F-16F7-4668-BE54-9A1E7A4F7556}") = "Proy_EcoGourmet_Hack4good", "ProyHack\Proy_EcoGourmet_Hack4good.csproj", "{0CBB6A31-0A29-4C71-A44E-B686DAE5CDE8}"
EndProject
Global
	GlobalSection(SolutionConfigurationPlatforms) = preSolution
		Debug|Any CPU = Debug|Any CPU
		Release|Any CPU = Release|Any CPU
	EndGlobalSection
	GlobalSection(ProjectConfigurationPlatforms) = postSolution
		{0CBB6A31-0A29-4C71-A44E-B686DAE5CDE8}.Debug|Any CPU.ActiveCfg = Debug|Any CPU
		{0CBB6A31-0A29-4C71-A44E-B686DAE5CDE8}.Debug|Any CPU.Build.0 = Debug|Any CPU
		{0CBB6A31-0A29-4C71-A44E-B686DAE5CDE8}.Debug|Any CPU.Deploy.0 = Debug|Any CPU
		{0CBB6A31-0A29-4C71-A44E-B686DAE5CDE8}.Release|Any CPU.ActiveCfg = Release|Any CPU
		{0CBB6A31-0A29-4C71-A44E-B686DAE5CDE8}.Release|Any CPU.Build.0 = Release|Any CPU
		{0CBB6A31-0A29-4C71-A44E-B686DAE5CDE8}.Release|Any CPU.Deploy.0 = Release|Any CPU
	EndGlobalSection
	GlobalSection(SolutionProperties) = preSolution
		HideSolutionNode = FALSE
	EndGlobalSection
	GlobalSection(ExtensibilityGlobals) = postSolution
		SolutionGuid = {49EDE851-5A92-428A-9A0F-2D08E268F78F}
	EndGlobalSection
EndGlobal
